// !$*UTF8*$!
{
	archiveVersion = 1;
	classes = {
	};
	objectVersion = 55;
	objects = {

/* Begin PBXBuildFile section */
		892AA68927C29DB50062BB9A /* FlipView.swift in Sources */ = {isa = PBXBuildFile; fileRef = 892AA68827C29DB50062BB9A /* FlipView.swift */; };
		892D708927BBC63300C89F13 /* WordleApp.swift in Sources */ = {isa = PBXBuildFile; fileRef = 892D708827BBC63300C89F13 /* WordleApp.swift */; };
		892D708B27BBC63300C89F13 /* ContentView.swift in Sources */ = {isa = PBXBuildFile; fileRef = 892D708A27BBC63300C89F13 /* ContentView.swift */; };
		892D708D27BBC63500C89F13 /* Assets.xcassets in Resources */ = {isa = PBXBuildFile; fileRef = 892D708C27BBC63500C89F13 /* Assets.xcassets */; };
		892D709027BBC63500C89F13 /* Preview Assets.xcassets in Resources */ = {isa = PBXBuildFile; fileRef = 892D708F27BBC63500C89F13 /* Preview Assets.xcassets */; };
		892D709727BBC75C00C89F13 /* GameView.swift in Sources */ = {isa = PBXBuildFile; fileRef = 892D709627BBC75C00C89F13 /* GameView.swift */; };
		892D709A27BBC77E00C89F13 /* GuessView.swift in Sources */ = {isa = PBXBuildFile; fileRef = 892D709927BBC77E00C89F13 /* GuessView.swift */; };
		892D709C27BBC79A00C89F13 /* Color+.swift in Sources */ = {isa = PBXBuildFile; fileRef = 892D709B27BBC79A00C89F13 /* Color+.swift */; };
		892D70A027BBC8D700C89F13 /* Guess.swift in Sources */ = {isa = PBXBuildFile; fileRef = 892D709F27BBC8D700C89F13 /* Guess.swift */; };
		892D70A227BBC8E100C89F13 /* Global.swift in Sources */ = {isa = PBXBuildFile; fileRef = 892D70A127BBC8E100C89F13 /* Global.swift */; };
		892D70A427BBC98400C89F13 /* WordleViewModel.swift in Sources */ = {isa = PBXBuildFile; fileRef = 892D70A327BBC98400C89F13 /* WordleViewModel.swift */; };
		896537A327BF9A7F00CE8A26 /* big5.txt in Resources */ = {isa = PBXBuildFile; fileRef = 896537A227BF9A7F00CE8A26 /* big5.txt */; };
		899D468F27C7FC880004DBD9 /* UIWindow+.swift in Sources */ = {isa = PBXBuildFile; fileRef = 899D468E27C7FC880004DBD9 /* UIWindow+.swift */; };
		899D469127C7FE200004DBD9 /* SettingsView.swift in Sources */ = {isa = PBXBuildFile; fileRef = 899D469027C7FE1F0004DBD9 /* SettingsView.swift */; };
		899D469327C7FE970004DBD9 /* ColorSchemeManager.swift in Sources */ = {isa = PBXBuildFile; fileRef = 899D469227C7FE970004DBD9 /* ColorSchemeManager.swift */; };
		899FDEFC27BF94430047D825 /* Shake.swift in Sources */ = {isa = PBXBuildFile; fileRef = 899FDEFB27BF94430047D825 /* Shake.swift */; };
		89B06B7F27BBFD3D00898C6F /* LetterButtonView.swift in Sources */ = {isa = PBXBuildFile; fileRef = 89B06B7E27BBFD3D00898C6F /* LetterButtonView.swift */; };
		89B06B8127BBFD4F00898C6F /* Keyboard.swift in Sources */ = {isa = PBXBuildFile; fileRef = 89B06B8027BBFD4F00898C6F /* Keyboard.swift */; };
		89CEB09727C52F48006F0297 /* StatisticsView.swift in Sources */ = {isa = PBXBuildFile; fileRef = 89CEB09627C52F48006F0297 /* StatisticsView.swift */; };
		89CEB09927C52FD9006F0297 /* Statistics.swift in Sources */ = {isa = PBXBuildFile; fileRef = 89CEB09827C52FD9006F0297 /* Statistics.swift */; };
		89CEB09B27C532B0006F0297 /* ToastView.swift in Sources */ = {isa = PBXBuildFile; fileRef = 89CEB09A27C532B0006F0297 /* ToastView.swift */; };
/* End PBXBuildFile section */

/* Begin PBXFileReference section */
		892AA68827C29DB50062BB9A /* FlipView.swift */ = {isa = PBXFileReference; lastKnownFileType = sourcecode.swift; path = FlipView.swift; sourceTree = "<group>"; };
		892D708527BBC63300C89F13 /* Wordle.app */ = {isa = PBXFileReference; explicitFileType = wrapper.application; includeInIndex = 0; path = Wordle.app; sourceTree = BUILT_PRODUCTS_DIR; };
		892D708827BBC63300C89F13 /* WordleApp.swift */ = {isa = PBXFileReference; lastKnownFileType = sourcecode.swift; path = WordleApp.swift; sourceTree = "<group>"; };
		892D708A27BBC63300C89F13 /* ContentView.swift */ = {isa = PBXFileReference; lastKnownFileType = sourcecode.swift; path = ContentView.swift; sourceTree = "<group>"; };
		892D708C27BBC63500C89F13 /* Assets.xcassets */ = {isa = PBXFileReference; lastKnownFileType = folder.assetcatalog; path = Assets.xcassets; sourceTree = "<group>"; };
		892D708F27BBC63500C89F13 /* Preview Assets.xcassets */ = {isa = PBXFileReference; lastKnownFileType = folder.assetcatalog; path = "Preview Assets.xcassets"; sourceTree = "<group>"; };
		892D709627BBC75C00C89F13 /* GameView.swift */ = {isa = PBXFileReference; lastKnownFileType = sourcecode.swift; path = GameView.swift; sourceTree = "<group>"; };
		892D709927BBC77E00C89F13 /* GuessView.swift */ = {isa = PBXFileReference; lastKnownFileType = sourcecode.swift; path = GuessView.swift; sourceTree = "<group>"; };
		892D709B27BBC79A00C89F13 /* Color+.swift */ = {isa = PBXFileReference; lastKnownFileType = sourcecode.swift; path = "Color+.swift"; sourceTree = "<group>"; };
		892D709F27BBC8D700C89F13 /* Guess.swift */ = {isa = PBXFileReference; lastKnownFileType = sourcecode.swift; path = Guess.swift; sourceTree = "<group>"; };
		892D70A127BBC8E100C89F13 /* Global.swift */ = {isa = PBXFileReference; lastKnownFileType = sourcecode.swift; path = Global.swift; sourceTree = "<group>"; };
		892D70A327BBC98400C89F13 /* WordleViewModel.swift */ = {isa = PBXFileReference; lastKnownFileType = sourcecode.swift; path = WordleViewModel.swift; sourceTree = "<group>"; };
		896537A227BF9A7F00CE8A26 /* big5.txt */ = {isa = PBXFileReference; fileEncoding = 4; lastKnownFileType = text; path = big5.txt; sourceTree = "<group>"; };
		899D468E27C7FC880004DBD9 /* UIWindow+.swift */ = {isa = PBXFileReference; lastKnownFileType = sourcecode.swift; path = "UIWindow+.swift"; sourceTree = "<group>"; };
		899D469027C7FE1F0004DBD9 /* SettingsView.swift */ = {isa = PBXFileReference; lastKnownFileType = sourcecode.swift; path = SettingsView.swift; sourceTree = "<group>"; };
		899D469227C7FE970004DBD9 /* ColorSchemeManager.swift */ = {isa = PBXFileReference; lastKnownFileType = sourcecode.swift; path = ColorSchemeManager.swift; sourceTree = "<group>"; };
		899FDEFB27BF94430047D825 /* Shake.swift */ = {isa = PBXFileReference; lastKnownFileType = sourcecode.swift; path = Shake.swift; sourceTree = "<group>"; };
		89B06B7E27BBFD3D00898C6F /* LetterButtonView.swift */ = {isa = PBXFileReference; lastKnownFileType = sourcecode.swift; path = LetterButtonView.swift; sourceTree = "<group>"; };
		89B06B8027BBFD4F00898C6F /* Keyboard.swift */ = {isa = PBXFileReference; lastKnownFileType = sourcecode.swift; path = Keyboard.swift; sourceTree = "<group>"; };
		89CEB09627C52F48006F0297 /* StatisticsView.swift */ = {isa = PBXFileReference; lastKnownFileType = sourcecode.swift; path = StatisticsView.swift; sourceTree = "<group>"; };
		89CEB09827C52FD9006F0297 /* Statistics.swift */ = {isa = PBXFileReference; lastKnownFileType = sourcecode.swift; path = Statistics.swift; sourceTree = "<group>"; };
		89CEB09A27C532B0006F0297 /* ToastView.swift */ = {isa = PBXFileReference; lastKnownFileType = sourcecode.swift; path = ToastView.swift; sourceTree = "<group>"; };
/* End PBXFileReference section */

/* Begin PBXFrameworksBuildPhase section */
		892D708227BBC63300C89F13 /* Frameworks */ = {
			isa = PBXFrameworksBuildPhase;
			buildActionMask = 2147483647;
			files = (
			);
			runOnlyForDeploymentPostprocessing = 0;
		};
/* End PBXFrameworksBuildPhase section */

/* Begin PBXGroup section */
		892AA68727C29D810062BB9A /* Animations */ = {
			isa = PBXGroup;
			children = (
				899FDEFB27BF94430047D825 /* Shake.swift */,
				892AA68827C29DB50062BB9A /* FlipView.swift */,
			);
			path = Animations;
			sourceTree = "<group>";
		};
		892D707C27BBC63300C89F13 = {
			isa = PBXGroup;
			children = (
				892D708727BBC63300C89F13 /* Wordle */,
				892D708627BBC63300C89F13 /* Products */,
			);
			sourceTree = "<group>";
		};
		892D708627BBC63300C89F13 /* Products */ = {
			isa = PBXGroup;
			children = (
				892D708527BBC63300C89F13 /* Wordle.app */,
			);
			name = Products;
			sourceTree = "<group>";
		};
		892D708727BBC63300C89F13 /* Wordle */ = {
			isa = PBXGroup;
			children = (
				892AA68727C29D810062BB9A /* Animations */,
				896537A127BF9A3B00CE8A26 /* Dictionary */,
				892D70A527BBC99300C89F13 /* ViewModel */,
				892D709E27BBC8C200C89F13 /* Models */,
				892D709D27BBC79F00C89F13 /* Extensions */,
				892D709827BBC76200C89F13 /* Views */,
				892D708827BBC63300C89F13 /* WordleApp.swift */,
				892D708A27BBC63300C89F13 /* ContentView.swift */,
				892D708C27BBC63500C89F13 /* Assets.xcassets */,
				892D708E27BBC63500C89F13 /* Preview Content */,
			);
			path = Wordle;
			sourceTree = "<group>";
		};
		892D708E27BBC63500C89F13 /* Preview Content */ = {
			isa = PBXGroup;
			children = (
				892D708F27BBC63500C89F13 /* Preview Assets.xcassets */,
			);
			path = "Preview Content";
			sourceTree = "<group>";
		};
		892D709827BBC76200C89F13 /* Views */ = {
			isa = PBXGroup;
			children = (
				892D709627BBC75C00C89F13 /* GameView.swift */,
				892D709927BBC77E00C89F13 /* GuessView.swift */,
				89B06B7E27BBFD3D00898C6F /* LetterButtonView.swift */,
				89B06B8027BBFD4F00898C6F /* Keyboard.swift */,
				89CEB09627C52F48006F0297 /* StatisticsView.swift */,
				89CEB09A27C532B0006F0297 /* ToastView.swift */,
				899D469027C7FE1F0004DBD9 /* SettingsView.swift */,
			);
			path = Views;
			sourceTree = "<group>";
		};
		892D709D27BBC79F00C89F13 /* Extensions */ = {
			isa = PBXGroup;
			children = (
				892D709B27BBC79A00C89F13 /* Color+.swift */,
				899D468E27C7FC880004DBD9 /* UIWindow+.swift */,
			);
			path = Extensions;
			sourceTree = "<group>";
		};
		892D709E27BBC8C200C89F13 /* Models */ = {
			isa = PBXGroup;
			children = (
				892D709F27BBC8D700C89F13 /* Guess.swift */,
				892D70A127BBC8E100C89F13 /* Global.swift */,
				89CEB09827C52FD9006F0297 /* Statistics.swift */,
			);
			path = Models;
			sourceTree = "<group>";
		};
		892D70A527BBC99300C89F13 /* ViewModel */ = {
			isa = PBXGroup;
			children = (
				892D70A327BBC98400C89F13 /* WordleViewModel.swift */,
				899D469227C7FE970004DBD9 /* ColorSchemeManager.swift */,
			);
			path = ViewModel;
			sourceTree = "<group>";
		};
		896537A127BF9A3B00CE8A26 /* Dictionary */ = {
			isa = PBXGroup;
			children = (
				896537A227BF9A7F00CE8A26 /* big5.txt */,
			);
			path = Dictionary;
			sourceTree = "<group>";
		};
/* End PBXGroup section */

/* Begin PBXNativeTarget section */
		892D708427BBC63300C89F13 /* Wordle */ = {
			isa = PBXNativeTarget;
			buildConfigurationList = 892D709327BBC63500C89F13 /* Build configuration list for PBXNativeTarget "Wordle" */;
			buildPhases = (
				892D708127BBC63300C89F13 /* Sources */,
				892D708227BBC63300C89F13 /* Frameworks */,
				892D708327BBC63300C89F13 /* Resources */,
			);
			buildRules = (
			);
			dependencies = (
			);
			name = Wordle;
			productName = Wordle;
			productReference = 892D708527BBC63300C89F13 /* Wordle.app */;
			productType = "com.apple.product-type.application";
		};
/* End PBXNativeTarget section */

/* Begin PBXProject section */
		892D707D27BBC63300C89F13 /* Project object */ = {
			isa = PBXProject;
			attributes = {
				BuildIndependentTargetsInParallel = 1;
				LastSwiftUpdateCheck = 1320;
				LastUpgradeCheck = 1320;
				TargetAttributes = {
					892D708427BBC63300C89F13 = {
						CreatedOnToolsVersion = 13.2.1;
					};
				};
			};
			buildConfigurationList = 892D708027BBC63300C89F13 /* Build configuration list for PBXProject "Wordle" */;
			compatibilityVersion = "Xcode 13.0";
			developmentRegion = en;
			hasScannedForEncodings = 0;
			knownRegions = (
				en,
				Base,
			);
			mainGroup = 892D707C27BBC63300C89F13;
			productRefGroup = 892D708627BBC63300C89F13 /* Products */;
			projectDirPath = "";
			projectRoot = "";
			targets = (
				892D708427BBC63300C89F13 /* Wordle */,
			);
		};
/* End PBXProject section */

/* Begin PBXResourcesBuildPhase section */
		892D708327BBC63300C89F13 /* Resources */ = {
			isa = PBXResourcesBuildPhase;
			buildActionMask = 2147483647;
			files = (
				892D709027BBC63500C89F13 /* Preview Assets.xcassets in Resources */,
				896537A327BF9A7F00CE8A26 /* big5.txt in Resources */,
				892D708D27BBC63500C89F13 /* Assets.xcassets in Resources */,
			);
			runOnlyForDeploymentPostprocessing = 0;
		};
/* End PBXResourcesBuildPhase section */

/* Begin PBXSourcesBuildPhase section */
		892D708127BBC63300C89F13 /* Sources */ = {
			isa = PBXSourcesBuildPhase;
			buildActionMask = 2147483647;
			files = (
				89CEB09927C52FD9006F0297 /* Statistics.swift in Sources */,
				892D709A27BBC77E00C89F13 /* GuessView.swift in Sources */,
				892D70A427BBC98400C89F13 /* WordleViewModel.swift in Sources */,
				89B06B8127BBFD4F00898C6F /* Keyboard.swift in Sources */,
				89CEB09B27C532B0006F0297 /* ToastView.swift in Sources */,
				899FDEFC27BF94430047D825 /* Shake.swift in Sources */,
				899D469327C7FE970004DBD9 /* ColorSchemeManager.swift in Sources */,
				892D709C27BBC79A00C89F13 /* Color+.swift in Sources */,
				89CEB09727C52F48006F0297 /* StatisticsView.swift in Sources */,
				892D708B27BBC63300C89F13 /* ContentView.swift in Sources */,
				899D469127C7FE200004DBD9 /* SettingsView.swift in Sources */,
				892D709727BBC75C00C89F13 /* GameView.swift in Sources */,
				892AA68927C29DB50062BB9A /* FlipView.swift in Sources */,
				899D468F27C7FC880004DBD9 /* UIWindow+.swift in Sources */,
				892D708927BBC63300C89F13 /* WordleApp.swift in Sources */,
				892D70A027BBC8D700C89F13 /* Guess.swift in Sources */,
				89B06B7F27BBFD3D00898C6F /* LetterButtonView.swift in Sources */,
				892D70A227BBC8E100C89F13 /* Global.swift in Sources */,
			);
			runOnlyForDeploymentPostprocessing = 0;
		};
/* End PBXSourcesBuildPhase section */

/* Begin XCBuildConfiguration section */
		892D709127BBC63500C89F13 /* Debug */ = {
			isa = XCBuildConfiguration;
			buildSettings = {
				ALWAYS_SEARCH_USER_PATHS = NO;
				CLANG_ANALYZER_NONNULL = YES;
				CLANG_ANALYZER_NUMBER_OBJECT_CONVERSION = YES_AGGRESSIVE;
				CLANG_CXX_LANGUAGE_STANDARD = "gnu++17";
				CLANG_CXX_LIBRARY = "libc++";
				CLANG_ENABLE_MODULES = YES;
				CLANG_ENABLE_OBJC_ARC = YES;
				CLANG_ENABLE_OBJC_WEAK = YES;
				CLANG_WARN_BLOCK_CAPTURE_AUTORELEASING = YES;
				CLANG_WARN_BOOL_CONVERSION = YES;
				CLANG_WARN_COMMA = YES;
				CLANG_WARN_CONSTANT_CONVERSION = YES;
				CLANG_WARN_DEPRECATED_OBJC_IMPLEMENTATIONS = YES;
				CLANG_WARN_DIRECT_OBJC_ISA_USAGE = YES_ERROR;
				CLANG_WARN_DOCUMENTATION_COMMENTS = YES;
				CLANG_WARN_EMPTY_BODY = YES;
				CLANG_WARN_ENUM_CONVERSION = YES;
				CLANG_WARN_INFINITE_RECURSION = YES;
				CLANG_WARN_INT_CONVERSION = YES;
				CLANG_WARN_NON_LITERAL_NULL_CONVERSION = YES;
				CLANG_WARN_OBJC_IMPLICIT_RETAIN_SELF = YES;
				CLANG_WARN_OBJC_LITERAL_CONVERSION = YES;
				CLANG_WARN_OBJC_ROOT_CLASS = YES_ERROR;
				CLANG_WARN_QUOTED_INCLUDE_IN_FRAMEWORK_HEADER = YES;
				CLANG_WARN_RANGE_LOOP_ANALYSIS = YES;
				CLANG_WARN_STRICT_PROTOTYPES = YES;
				CLANG_WARN_SUSPICIOUS_MOVE = YES;
				CLANG_WARN_UNGUARDED_AVAILABILITY = YES_AGGRESSIVE;
				CLANG_WARN_UNREACHABLE_CODE = YES;
				CLANG_WARN__DUPLICATE_METHOD_MATCH = YES;
				COPY_PHASE_STRIP = NO;
				DEBUG_INFORMATION_FORMAT = dwarf;
				ENABLE_STRICT_OBJC_MSGSEND = YES;
				ENABLE_TESTABILITY = YES;
				GCC_C_LANGUAGE_STANDARD = gnu11;
				GCC_DYNAMIC_NO_PIC = NO;
				GCC_NO_COMMON_BLOCKS = YES;
				GCC_OPTIMIZATION_LEVEL = 0;
				GCC_PREPROCESSOR_DEFINITIONS = (
					"DEBUG=1",
					"$(inherited)",
				);
				GCC_WARN_64_TO_32_BIT_CONVERSION = YES;
				GCC_WARN_ABOUT_RETURN_TYPE = YES_ERROR;
				GCC_WARN_UNDECLARED_SELECTOR = YES;
				GCC_WARN_UNINITIALIZED_AUTOS = YES_AGGRESSIVE;
				GCC_WARN_UNUSED_FUNCTION = YES;
				GCC_WARN_UNUSED_VARIABLE = YES;
				IPHONEOS_DEPLOYMENT_TARGET = 15.0;
				MTL_ENABLE_DEBUG_INFO = INCLUDE_SOURCE;
				MTL_FAST_MATH = YES;
				ONLY_ACTIVE_ARCH = YES;
				SDKROOT = iphoneos;
				SWIFT_ACTIVE_COMPILATION_CONDITIONS = DEBUG;
				SWIFT_OPTIMIZATION_LEVEL = "-Onone";
			};
			name = Debug;
		};
		892D709227BBC63500C89F13 /* Release */ = {
			isa = XCBuildConfiguration;
			buildSettings = {
				ALWAYS_SEARCH_USER_PATHS = NO;
				CLANG_ANALYZER_NONNULL = YES;
				CLANG_ANALYZER_NUMBER_OBJECT_CONVERSION = YES_AGGRESSIVE;
				CLANG_CXX_LANGUAGE_STANDARD = "gnu++17";
				CLANG_CXX_LIBRARY = "libc++";
				CLANG_ENABLE_MODULES = YES;
				CLANG_ENABLE_OBJC_ARC = YES;
				CLANG_ENABLE_OBJC_WEAK = YES;
				CLANG_WARN_BLOCK_CAPTURE_AUTORELEASING = YES;
				CLANG_WARN_BOOL_CONVERSION = YES;
				CLANG_WARN_COMMA = YES;
				CLANG_WARN_CONSTANT_CONVERSION = YES;
				CLANG_WARN_DEPRECATED_OBJC_IMPLEMENTATIONS = YES;
				CLANG_WARN_DIRECT_OBJC_ISA_USAGE = YES_ERROR;
				CLANG_WARN_DOCUMENTATION_COMMENTS = YES;
				CLANG_WARN_EMPTY_BODY = YES;
				CLANG_WARN_ENUM_CONVERSION = YES;
				CLANG_WARN_INFINITE_RECURSION = YES;
				CLANG_WARN_INT_CONVERSION = YES;
				CLANG_WARN_NON_LITERAL_NULL_CONVERSION = YES;
				CLANG_WARN_OBJC_IMPLICIT_RETAIN_SELF = YES;
				CLANG_WARN_OBJC_LITERAL_CONVERSION = YES;
				CLANG_WARN_OBJC_ROOT_CLASS = YES_ERROR;
				CLANG_WARN_QUOTED_INCLUDE_IN_FRAMEWORK_HEADER = YES;
				CLANG_WARN_RANGE_LOOP_ANALYSIS = YES;
				CLANG_WARN_STRICT_PROTOTYPES = YES;
				CLANG_WARN_SUSPICIOUS_MOVE = YES;
				CLANG_WARN_UNGUARDED_AVAILABILITY = YES_AGGRESSIVE;
				CLANG_WARN_UNREACHABLE_CODE = YES;
				CLANG_WARN__DUPLICATE_METHOD_MATCH = YES;
				COPY_PHASE_STRIP = NO;
				DEBUG_INFORMATION_FORMAT = "dwarf-with-dsym";
				ENABLE_NS_ASSERTIONS = NO;
				ENABLE_STRICT_OBJC_MSGSEND = YES;
				GCC_C_LANGUAGE_STANDARD = gnu11;
				GCC_NO_COMMON_BLOCKS = YES;
				GCC_WARN_64_TO_32_BIT_CONVERSION = YES;
				GCC_WARN_ABOUT_RETURN_TYPE = YES_ERROR;
				GCC_WARN_UNDECLARED_SELECTOR = YES;
				GCC_WARN_UNINITIALIZED_AUTOS = YES_AGGRESSIVE;
				GCC_WARN_UNUSED_FUNCTION = YES;
				GCC_WARN_UNUSED_VARIABLE = YES;
				IPHONEOS_DEPLOYMENT_TARGET = 15.0;
				MTL_ENABLE_DEBUG_INFO = NO;
				MTL_FAST_MATH = YES;
				SDKROOT = iphoneos;
				SWIFT_COMPILATION_MODE = wholemodule;
				SWIFT_OPTIMIZATION_LEVEL = "-O";
				VALIDATE_PRODUCT = YES;
			};
			name = Release;
		};
		892D709427BBC63500C89F13 /* Debug */ = {
			isa = XCBuildConfiguration;
			buildSettings = {
				ASSETCATALOG_COMPILER_APPICON_NAME = AppIcon;
				ASSETCATALOG_COMPILER_GLOBAL_ACCENT_COLOR_NAME = AccentColor;
				CODE_SIGN_STYLE = Automatic;
				CURRENT_PROJECT_VERSION = 1;
				DEVELOPMENT_ASSET_PATHS = "\"Wordle/Preview Content\"";
				DEVELOPMENT_TEAM = JY334R344A;
				ENABLE_PREVIEWS = YES;
				GENERATE_INFOPLIST_FILE = YES;
				INFOPLIST_KEY_UIApplicationSceneManifest_Generation = YES;
				INFOPLIST_KEY_UIApplicationSupportsIndirectInputEvents = YES;
				INFOPLIST_KEY_UILaunchScreen_Generation = YES;
				INFOPLIST_KEY_UISupportedInterfaceOrientations_iPad = "UIInterfaceOrientationPortrait UIInterfaceOrientationPortraitUpsideDown UIInterfaceOrientationLandscapeLeft UIInterfaceOrientationLandscapeRight";
				INFOPLIST_KEY_UISupportedInterfaceOrientations_iPhone = "UIInterfaceOrientationPortrait UIInterfaceOrientationLandscapeLeft UIInterfaceOrientationLandscapeRight";
				IPHONEOS_DEPLOYMENT_TARGET = 15.0;
				LD_RUNPATH_SEARCH_PATHS = (
					"$(inherited)",
					"@executable_path/Frameworks",
				);
				MARKETING_VERSION = 1.0;
				PRODUCT_BUNDLE_IDENTIFIER = antonio.posabella.Wordle;
				PRODUCT_NAME = "$(TARGET_NAME)";
				SWIFT_EMIT_LOC_STRINGS = YES;
				SWIFT_VERSION = 5.0;
				TARGETED_DEVICE_FAMILY = "1,2";
			};
			name = Debug;
		};
		892D709527BBC63500C89F13 /* Release */ = {
			isa = XCBuildConfiguration;
			buildSettings = {
				ASSETCATALOG_COMPILER_APPICON_NAME = AppIcon;
				ASSETCATALOG_COMPILER_GLOBAL_ACCENT_COLOR_NAME = AccentColor;
				CODE_SIGN_STYLE = Automatic;
				CURRENT_PROJECT_VERSION = 1;
				DEVELOPMENT_ASSET_PATHS = "\"Wordle/Preview Content\"";
				DEVELOPMENT_TEAM = JY334R344A;
				ENABLE_PREVIEWS = YES;
				GENERATE_INFOPLIST_FILE = YES;
				INFOPLIST_KEY_UIApplicationSceneManifest_Generation = YES;
				INFOPLIST_KEY_UIApplicationSupportsIndirectInputEvents = YES;
				INFOPLIST_KEY_UILaunchScreen_Generation = YES;
				INFOPLIST_KEY_UISupportedInterfaceOrientations_iPad = "UIInterfaceOrientationPortrait UIInterfaceOrientationPortraitUpsideDown UIInterfaceOrientationLandscapeLeft UIInterfaceOrientationLandscapeRight";
				INFOPLIST_KEY_UISupportedInterfaceOrientations_iPhone = "UIInterfaceOrientationPortrait UIInterfaceOrientationLandscapeLeft UIInterfaceOrientationLandscapeRight";
				IPHONEOS_DEPLOYMENT_TARGET = 15.0;
				LD_RUNPATH_SEARCH_PATHS = (
					"$(inherited)",
					"@executable_path/Frameworks",
				);
				MARKETING_VERSION = 1.0;
				PRODUCT_BUNDLE_IDENTIFIER = antonio.posabella.Wordle;
				PRODUCT_NAME = "$(TARGET_NAME)";
				SWIFT_EMIT_LOC_STRINGS = YES;
				SWIFT_VERSION = 5.0;
				TARGETED_DEVICE_FAMILY = "1,2";
			};
			name = Release;
		};
/* End XCBuildConfiguration section */

/* Begin XCConfigurationList section */
		892D708027BBC63300C89F13 /* Build configuration list for PBXProject "Wordle" */ = {
			isa = XCConfigurationList;
			buildConfigurations = (
				892D709127BBC63500C89F13 /* Debug */,
				892D709227BBC63500C89F13 /* Release */,
			);
			defaultConfigurationIsVisible = 0;
			defaultConfigurationName = Release;
		};
		892D709327BBC63500C89F13 /* Build configuration list for PBXNativeTarget "Wordle" */ = {
			isa = XCConfigurationList;
			buildConfigurations = (
				892D709427BBC63500C89F13 /* Debug */,
				892D709527BBC63500C89F13 /* Release */,
			);
			defaultConfigurationIsVisible = 0;
			defaultConfigurationName = Release;
		};
/* End XCConfigurationList section */
	};
	rootObject = 892D707D27BBC63300C89F13 /* Project object */;
}
